
Microsoft Visual Studio Solution File, Format Version 12.00
# Visual Studio 15
VisualStudioVersion = 15.0.27703.2018
MinimumVisualStudioVersion = 10.0.40219.1
Project("{FAE04EC0-301F-11D3-BF4B-00C04F79EFBC}") = "ClassBib", "ClassLibrary1\ClassBib.csproj", "{1AFE0D00-48C1-446D-8825-AF61EE8287CD}"
EndProject
Project("{2150E333-8FDC-42A3-9474-1A3956D46DE8}") = "Console", "Console", "{7E1B2B04-4747-49DD-A052-EFFD0DEDE9F0}"
EndProject
Project("{2150E333-8FDC-42A3-9474-1A3956D46DE8}") = "Server", "Server", "{4CEA1AFD-BEB9-4167-9317-F09665DD3434}"
EndProject
Project("{2150E333-8FDC-42A3-9474-1A3956D46DE8}") = "Test", "Test", "{5C7CE1E4-680D-43DD-90DD-621362FE2805}"
EndProject
Project("{FAE04EC0-301F-11D3-BF4B-00C04F79EFBC}") = "Modele.Console.Ecommerce", "Modele.Console.Ecommerce\Modele.Console.Ecommerce.csproj", "{095550DC-6D3C-4BB5-BBF6-BB71D325AE7D}"
EndProject
Project("{FAE04EC0-301F-11D3-BF4B-00C04F79EFBC}") = "Modele.MonProjet", "Modele.MonProjet\Modele.MonProjet.csproj", "{D99A0311-1740-4514-BADF-A48ACA491020}"
EndProject
Project("{8BC9CEB8-8B4A-11D0-8D11-00A0C91BC942}") = "Modele.Test.MonProjet", "Modele.Test.MonProjet\Modele.Test.MonProjet.vcxproj", "{C7244CF0-D44F-46B4-B9C1-03A341EF8012}"
EndProject
Project("{FAE04EC0-301F-11D3-BF4B-00C04F79EFBC}") = "BusinessLayer.MonProjet", "BusinessLayer.MonProjet\BusinessLayer.MonProjet.csproj", "{915F9481-E77E-4D4F-940D-5AB3AB76FDC1}"
EndProject
Project("{FAE04EC0-301F-11D3-BF4B-00C04F79EFBC}") = "WPFManageStock", "ManageStock\WPFManageStock.csproj", "{5D704BB4-A05B-4697-A8AD-5576FA4A4B60}"
EndProject
Project("{FAE04EC0-301F-11D3-BF4B-00C04F79EFBC}") = "WCFService", "WCFService\WCFService.csproj", "{219EDD1F-4608-4BF3-95CE-97B76EADD13F}"
EndProject
Project("{FAE04EC0-301F-11D3-BF4B-00C04F79EFBC}") = "ASPWebApplication", "ASPWebApplication\ASPWebApplication.csproj", "{BDC4133F-24A9-41DA-9271-407BB5B0824A}"
EndProject
Project("{FAE04EC0-301F-11D3-BF4B-00C04F79EFBC}") = "ASPWebApplication.Tests", "ASPWebApplication.Tests\ASPWebApplication.Tests.csproj", "{9291C960-F8F0-4684-8E39-546F4DEDA2E5}"
EndProject
Project("{FAE04EC0-301F-11D3-BF4B-00C04F79EFBC}") = "TestModel", "TestModel\TestModel.csproj", "{BDE10CB0-64F7-473E-B43A-81E54AEFDA54}"
EndProject
Project("{FAE04EC0-301F-11D3-BF4B-00C04F79EFBC}") = "MasterDetailProduct", "MasterDetailProduct\MasterDetailProduct.csproj", "{CB1731A9-8FFE-480C-8554-DFCF959E53E6}"
EndProject
Global
	GlobalSection(SolutionConfigurationPlatforms) = preSolution
		Debug|Any CPU = Debug|Any CPU
		Debug|x86 = Debug|x86
		Release|Any CPU = Release|Any CPU
		Release|x86 = Release|x86
	EndGlobalSection
	GlobalSection(ProjectConfigurationPlatforms) = postSolution
		{1AFE0D00-48C1-446D-8825-AF61EE8287CD}.Debug|Any CPU.ActiveCfg = Debug|Any CPU
		{1AFE0D00-48C1-446D-8825-AF61EE8287CD}.Debug|Any CPU.Build.0 = Debug|Any CPU
		{1AFE0D00-48C1-446D-8825-AF61EE8287CD}.Debug|x86.ActiveCfg = Debug|Any CPU
		{1AFE0D00-48C1-446D-8825-AF61EE8287CD}.Debug|x86.Build.0 = Debug|Any CPU
		{1AFE0D00-48C1-446D-8825-AF61EE8287CD}.Release|Any CPU.ActiveCfg = Release|Any CPU
		{1AFE0D00-48C1-446D-8825-AF61EE8287CD}.Release|Any CPU.Build.0 = Release|Any CPU
		{1AFE0D00-48C1-446D-8825-AF61EE8287CD}.Release|x86.ActiveCfg = Release|Any CPU
		{1AFE0D00-48C1-446D-8825-AF61EE8287CD}.Release|x86.Build.0 = Release|Any CPU
		{095550DC-6D3C-4BB5-BBF6-BB71D325AE7D}.Debug|Any CPU.ActiveCfg = Debug|Any CPU
		{095550DC-6D3C-4BB5-BBF6-BB71D325AE7D}.Debug|Any CPU.Build.0 = Debug|Any CPU
		{095550DC-6D3C-4BB5-BBF6-BB71D325AE7D}.Debug|x86.ActiveCfg = Debug|Any CPU
		{095550DC-6D3C-4BB5-BBF6-BB71D325AE7D}.Debug|x86.Build.0 = Debug|Any CPU
		{095550DC-6D3C-4BB5-BBF6-BB71D325AE7D}.Release|Any CPU.ActiveCfg = Release|Any CPU
		{095550DC-6D3C-4BB5-BBF6-BB71D325AE7D}.Release|Any CPU.Build.0 = Release|Any CPU
		{095550DC-6D3C-4BB5-BBF6-BB71D325AE7D}.Release|x86.ActiveCfg = Release|Any CPU
		{095550DC-6D3C-4BB5-BBF6-BB71D325AE7D}.Release|x86.Build.0 = Release|Any CPU
		{D99A0311-1740-4514-BADF-A48ACA491020}.Debug|Any CPU.ActiveCfg = Debug|Any CPU
		{D99A0311-1740-4514-BADF-A48ACA491020}.Debug|Any CPU.Build.0 = Debug|Any CPU
		{D99A0311-1740-4514-BADF-A48ACA491020}.Debug|x86.ActiveCfg = Debug|Any CPU
		{D99A0311-1740-4514-BADF-A48ACA491020}.Debug|x86.Build.0 = Debug|Any CPU
		{D99A0311-1740-4514-BADF-A48ACA491020}.Release|Any CPU.ActiveCfg = Release|Any CPU
		{D99A0311-1740-4514-BADF-A48ACA491020}.Release|Any CPU.Build.0 = Release|Any CPU
		{D99A0311-1740-4514-BADF-A48ACA491020}.Release|x86.ActiveCfg = Release|Any CPU
		{D99A0311-1740-4514-BADF-A48ACA491020}.Release|x86.Build.0 = Release|Any CPU
		{C7244CF0-D44F-46B4-B9C1-03A341EF8012}.Debug|Any CPU.ActiveCfg = Debug|Win32
		{C7244CF0-D44F-46B4-B9C1-03A341EF8012}.Debug|x86.ActiveCfg = Debug|Win32
		{C7244CF0-D44F-46B4-B9C1-03A341EF8012}.Debug|x86.Build.0 = Debug|Win32
		{C7244CF0-D44F-46B4-B9C1-03A341EF8012}.Release|Any CPU.ActiveCfg = Release|Win32
		{C7244CF0-D44F-46B4-B9C1-03A341EF8012}.Release|x86.ActiveCfg = Release|Win32
		{C7244CF0-D44F-46B4-B9C1-03A341EF8012}.Release|x86.Build.0 = Release|Win32
		{915F9481-E77E-4D4F-940D-5AB3AB76FDC1}.Debug|Any CPU.ActiveCfg = Debug|Any CPU
		{915F9481-E77E-4D4F-940D-5AB3AB76FDC1}.Debug|Any CPU.Build.0 = Debug|Any CPU
		{915F9481-E77E-4D4F-940D-5AB3AB76FDC1}.Debug|x86.ActiveCfg = Debug|Any CPU
		{915F9481-E77E-4D4F-940D-5AB3AB76FDC1}.Debug|x86.Build.0 = Debug|Any CPU
		{915F9481-E77E-4D4F-940D-5AB3AB76FDC1}.Release|Any CPU.ActiveCfg = Release|Any CPU
		{915F9481-E77E-4D4F-940D-5AB3AB76FDC1}.Release|Any CPU.Build.0 = Release|Any CPU
		{915F9481-E77E-4D4F-940D-5AB3AB76FDC1}.Release|x86.ActiveCfg = Release|Any CPU
		{915F9481-E77E-4D4F-940D-5AB3AB76FDC1}.Release|x86.Build.0 = Release|Any CPU
		{5D704BB4-A05B-4697-A8AD-5576FA4A4B60}.Debug|Any CPU.ActiveCfg = Debug|Any CPU
		{5D704BB4-A05B-4697-A8AD-5576FA4A4B60}.Debug|Any CPU.Build.0 = Debug|Any CPU
		{5D704BB4-A05B-4697-A8AD-5576FA4A4B60}.Debug|x86.ActiveCfg = Debug|Any CPU
		{5D704BB4-A05B-4697-A8AD-5576FA4A4B60}.Debug|x86.Build.0 = Debug|Any CPU
		{5D704BB4-A05B-4697-A8AD-5576FA4A4B60}.Release|Any CPU.ActiveCfg = Release|Any CPU
		{5D704BB4-A05B-4697-A8AD-5576FA4A4B60}.Release|Any CPU.Build.0 = Release|Any CPU
		{5D704BB4-A05B-4697-A8AD-5576FA4A4B60}.Release|x86.ActiveCfg = Release|Any CPU
		{5D704BB4-A05B-4697-A8AD-5576FA4A4B60}.Release|x86.Build.0 = Release|Any CPU
		{219EDD1F-4608-4BF3-95CE-97B76EADD13F}.Debug|Any CPU.ActiveCfg = Debug|Any CPU
		{219EDD1F-4608-4BF3-95CE-97B76EADD13F}.Debug|Any CPU.Build.0 = Debug|Any CPU
		{219EDD1F-4608-4BF3-95CE-97B76EADD13F}.Debug|x86.ActiveCfg = Debug|Any CPU
		{219EDD1F-4608-4BF3-95CE-97B76EADD13F}.Debug|x86.Build.0 = Debug|Any CPU
		{219EDD1F-4608-4BF3-95CE-97B76EADD13F}.Release|Any CPU.ActiveCfg = Release|Any CPU
		{219EDD1F-4608-4BF3-95CE-97B76EADD13F}.Release|Any CPU.Build.0 = Release|Any CPU
		{219EDD1F-4608-4BF3-95CE-97B76EADD13F}.Release|x86.ActiveCfg = Release|Any CPU
		{219EDD1F-4608-4BF3-95CE-97B76EADD13F}.Release|x86.Build.0 = Release|Any CPU
		{BDC4133F-24A9-41DA-9271-407BB5B0824A}.Debug|Any CPU.ActiveCfg = Debug|Any CPU
		{BDC4133F-24A9-41DA-9271-407BB5B0824A}.Debug|Any CPU.Build.0 = Debug|Any CPU
		{BDC4133F-24A9-41DA-9271-407BB5B0824A}.Debug|x86.ActiveCfg = Debug|Any CPU
		{BDC4133F-24A9-41DA-9271-407BB5B0824A}.Debug|x86.Build.0 = Debug|Any CPU
		{BDC4133F-24A9-41DA-9271-407BB5B0824A}.Release|Any CPU.ActiveCfg = Release|Any CPU
		{BDC4133F-24A9-41DA-9271-407BB5B0824A}.Release|Any CPU.Build.0 = Release|Any CPU
		{BDC4133F-24A9-41DA-9271-407BB5B0824A}.Release|x86.ActiveCfg = Release|Any CPU
		{BDC4133F-24A9-41DA-9271-407BB5B0824A}.Release|x86.Build.0 = Release|Any CPU
		{9291C960-F8F0-4684-8E39-546F4DEDA2E5}.Debug|Any CPU.ActiveCfg = Debug|Any CPU
		{9291C960-F8F0-4684-8E39-546F4DEDA2E5}.Debug|Any CPU.Build.0 = Debug|Any CPU
		{9291C960-F8F0-4684-8E39-546F4DEDA2E5}.Debug|x86.ActiveCfg = Debug|Any CPU
		{9291C960-F8F0-4684-8E39-546F4DEDA2E5}.Debug|x86.Build.0 = Debug|Any CPU
		{9291C960-F8F0-4684-8E39-546F4DEDA2E5}.Release|Any CPU.ActiveCfg = Release|Any CPU
		{9291C960-F8F0-4684-8E39-546F4DEDA2E5}.Release|Any CPU.Build.0 = Release|Any CPU
		{9291C960-F8F0-4684-8E39-546F4DEDA2E5}.Release|x86.ActiveCfg = Release|Any CPU
		{9291C960-F8F0-4684-8E39-546F4DEDA2E5}.Release|x86.Build.0 = Release|Any CPU
		{BDE10CB0-64F7-473E-B43A-81E54AEFDA54}.Debug|Any CPU.ActiveCfg = Debug|Any CPU
		{BDE10CB0-64F7-473E-B43A-81E54AEFDA54}.Debug|Any CPU.Build.0 = Debug|Any CPU
		{BDE10CB0-64F7-473E-B43A-81E54AEFDA54}.Debug|x86.ActiveCfg = Debug|Any CPU
		{BDE10CB0-64F7-473E-B43A-81E54AEFDA54}.Debug|x86.Build.0 = Debug|Any CPU
		{BDE10CB0-64F7-473E-B43A-81E54AEFDA54}.Release|Any CPU.ActiveCfg = Release|Any CPU
		{BDE10CB0-64F7-473E-B43A-81E54AEFDA54}.Release|Any CPU.Build.0 = Release|Any CPU
		{BDE10CB0-64F7-473E-B43A-81E54AEFDA54}.Release|x86.ActiveCfg = Release|Any CPU
		{BDE10CB0-64F7-473E-B43A-81E54AEFDA54}.Release|x86.Build.0 = Release|Any CPU
		{CB1731A9-8FFE-480C-8554-DFCF959E53E6}.Debug|Any CPU.ActiveCfg = Debug|Any CPU
		{CB1731A9-8FFE-480C-8554-DFCF959E53E6}.Debug|Any CPU.Build.0 = Debug|Any CPU
		{CB1731A9-8FFE-480C-8554-DFCF959E53E6}.Debug|x86.ActiveCfg = Debug|Any CPU
		{CB1731A9-8FFE-480C-8554-DFCF959E53E6}.Debug|x86.Build.0 = Debug|Any CPU
		{CB1731A9-8FFE-480C-8554-DFCF959E53E6}.Release|Any CPU.ActiveCfg = Release|Any CPU
		{CB1731A9-8FFE-480C-8554-DFCF959E53E6}.Release|Any CPU.Build.0 = Release|Any CPU
		{CB1731A9-8FFE-480C-8554-DFCF959E53E6}.Release|x86.ActiveCfg = Release|Any CPU
		{CB1731A9-8FFE-480C-8554-DFCF959E53E6}.Release|x86.Build.0 = Release|Any CPU
	EndGlobalSection
	GlobalSection(SolutionProperties) = preSolution
		HideSolutionNode = FALSE
	EndGlobalSection
	GlobalSection(NestedProjects) = preSolution
		{1AFE0D00-48C1-446D-8825-AF61EE8287CD} = {4CEA1AFD-BEB9-4167-9317-F09665DD3434}
		{095550DC-6D3C-4BB5-BBF6-BB71D325AE7D} = {7E1B2B04-4747-49DD-A052-EFFD0DEDE9F0}
		{D99A0311-1740-4514-BADF-A48ACA491020} = {4CEA1AFD-BEB9-4167-9317-F09665DD3434}
		{C7244CF0-D44F-46B4-B9C1-03A341EF8012} = {5C7CE1E4-680D-43DD-90DD-621362FE2805}
		{915F9481-E77E-4D4F-940D-5AB3AB76FDC1} = {4CEA1AFD-BEB9-4167-9317-F09665DD3434}
		{5D704BB4-A05B-4697-A8AD-5576FA4A4B60} = {4CEA1AFD-BEB9-4167-9317-F09665DD3434}
		{219EDD1F-4608-4BF3-95CE-97B76EADD13F} = {4CEA1AFD-BEB9-4167-9317-F09665DD3434}
		{BDC4133F-24A9-41DA-9271-407BB5B0824A} = {4CEA1AFD-BEB9-4167-9317-F09665DD3434}
		{9291C960-F8F0-4684-8E39-546F4DEDA2E5} = {4CEA1AFD-BEB9-4167-9317-F09665DD3434}
		{BDE10CB0-64F7-473E-B43A-81E54AEFDA54} = {4CEA1AFD-BEB9-4167-9317-F09665DD3434}
		{CB1731A9-8FFE-480C-8554-DFCF959E53E6} = {4CEA1AFD-BEB9-4167-9317-F09665DD3434}
	EndGlobalSection
	GlobalSection(ExtensibilityGlobals) = postSolution
		SolutionGuid = {E15EE7C1-2237-4291-8350-ECB32A169FDE}
	EndGlobalSection
EndGlobal
